
Microsoft Visual Studio Solution File, Format Version 12.00
# Visual Studio Version 16
VisualStudioVersion = 16.0.31624.102
MinimumVisualStudioVersion = 10.0.40219.1
Project("{FAE04EC0-301F-11D3-BF4B-00C04F79EFBC}") = "CAI_EjercicioRepaso3", "CAI_EjercicioRepaso3\CAI_EjercicioRepaso3.csproj", "{63C48BB1-F19B-4BDF-9BE3-AF9F376D1ACA}"
EndProject
Global
	GlobalSection(SolutionConfigurationPlatforms) = preSolution
		Debug|Any CPU = Debug|Any CPU
		Release|Any CPU = Release|Any CPU
	EndGlobalSection
	GlobalSection(ProjectConfigurationPlatforms) = postSolution
		{63C48BB1-F19B-4BDF-9BE3-AF9F376D1ACA}.Debug|Any CPU.ActiveCfg = Debug|Any CPU
		{63C48BB1-F19B-4BDF-9BE3-AF9F376D1ACA}.Debug|Any CPU.Build.0 = Debug|Any CPU
		{63C48BB1-F19B-4BDF-9BE3-AF9F376D1ACA}.Release|Any CPU.ActiveCfg = Release|Any CPU
		{63C48BB1-F19B-4BDF-9BE3-AF9F376D1ACA}.Release|Any CPU.Build.0 = Release|Any CPU
	EndGlobalSection
	GlobalSection(SolutionProperties) = preSolution
		HideSolutionNode = FALSE
	EndGlobalSection
	GlobalSection(ExtensibilityGlobals) = postSolution
		SolutionGuid = {B9AEA29F-22C9-4369-8F14-495F89C1E304}
	EndGlobalSection
EndGlobal
